// !$*UTF8*$!
{
	archiveVersion = 1;
	classes = {
	};
	objectVersion = 56;
	objects = {

/* Begin PBXBuildFile section */
		2DDEC2992BDB9D3100726E25 /* smartcamPod.h in Headers */ = {isa = PBXBuildFile; fileRef = 2DDEC2982BDB9D3100726E25 /* smartcamPod.h */; settings = {ATTRIBUTES = (Public, ); }; };
		2DDEC2C82BDBDC9F00726E25 /* Assets.xcassets in Resources */ = {isa = PBXBuildFile; fileRef = 2DDEC2A82BDBDC9F00726E25 /* Assets.xcassets */; };
		2DDEC2C92BDBDC9F00726E25 /* UIImage + Extension.swift in Sources */ = {isa = PBXBuildFile; fileRef = 2DDEC2AA2BDBDC9F00726E25 /* UIImage + Extension.swift */; };
		2DDEC2CA2BDBDC9F00726E25 /* CGImage + Extension.swift in Sources */ = {isa = PBXBuildFile; fileRef = 2DDEC2AB2BDBDC9F00726E25 /* CGImage + Extension.swift */; };
		2DDEC2CB2BDBDC9F00726E25 /* String + Extension.swift in Sources */ = {isa = PBXBuildFile; fileRef = 2DDEC2AC2BDBDC9F00726E25 /* String + Extension.swift */; };
		2DDEC2CD2BDBDC9F00726E25 /* CameraViewController.swift in Sources */ = {isa = PBXBuildFile; fileRef = 2DDEC2AF2BDBDC9F00726E25 /* CameraViewController.swift */; };
		2DDEC2D22BDBDC9F00726E25 /* LastPhotoView.swift in Sources */ = {isa = PBXBuildFile; fileRef = 2DDEC2B62BDBDC9F00726E25 /* LastPhotoView.swift */; };
		2DDEC2D32BDBDC9F00726E25 /* TopBarView.swift in Sources */ = {isa = PBXBuildFile; fileRef = 2DDEC2B72BDBDC9F00726E25 /* TopBarView.swift */; };
		2DDEC2D42BDBDC9F00726E25 /* CaptureImageButton.swift in Sources */ = {isa = PBXBuildFile; fileRef = 2DDEC2B82BDBDC9F00726E25 /* CaptureImageButton.swift */; };
		2DDEC2D52BDBDC9F00726E25 /* BottomBarView.swift in Sources */ = {isa = PBXBuildFile; fileRef = 2DDEC2B92BDBDC9F00726E25 /* BottomBarView.swift */; };
		2DDEC2D62BDBDC9F00726E25 /* CameraService.swift in Sources */ = {isa = PBXBuildFile; fileRef = 2DDEC2BB2BDBDC9F00726E25 /* CameraService.swift */; };
		2DDEC2D72BDBDC9F00726E25 /* stitching.cpp in Sources */ = {isa = PBXBuildFile; fileRef = 2DDEC2BD2BDBDC9F00726E25 /* stitching.cpp */; };
		2DDEC2D82BDBDC9F00726E25 /* SwViewController.swift in Sources */ = {isa = PBXBuildFile; fileRef = 2DDEC2BE2BDBDC9F00726E25 /* SwViewController.swift */; };
		2DDEC2D92BDBDC9F00726E25 /* UIImage+Rotate.h in Headers */ = {isa = PBXBuildFile; fileRef = 2DDEC2BF2BDBDC9F00726E25 /* UIImage+Rotate.h */; };
		2DDEC2DA2BDBDC9F00726E25 /* SmartCamMasterApp-Bridging-Header.h in Headers */ = {isa = PBXBuildFile; fileRef = 2DDEC2C02BDBDC9F00726E25 /* SmartCamMasterApp-Bridging-Header.h */; };
		2DDEC2DB2BDBDC9F00726E25 /* UIImage+OpenCV.h in Headers */ = {isa = PBXBuildFile; fileRef = 2DDEC2C12BDBDC9F00726E25 /* UIImage+OpenCV.h */; };
		2DDEC2DC2BDBDC9F00726E25 /* CVWrapper.h in Headers */ = {isa = PBXBuildFile; fileRef = 2DDEC2C22BDBDC9F00726E25 /* CVWrapper.h */; };
		2DDEC2DD2BDBDC9F00726E25 /* UIImage+OpenCV.mm in Sources */ = {isa = PBXBuildFile; fileRef = 2DDEC2C32BDBDC9F00726E25 /* UIImage+OpenCV.mm */; };
		2DDEC2DE2BDBDC9F00726E25 /* UIImage+Rotate.m in Sources */ = {isa = PBXBuildFile; fileRef = 2DDEC2C42BDBDC9F00726E25 /* UIImage+Rotate.m */; };
		2DDEC2DF2BDBDC9F00726E25 /* stitching.h in Headers */ = {isa = PBXBuildFile; fileRef = 2DDEC2C52BDBDC9F00726E25 /* stitching.h */; };
		2DDEC2E02BDBDC9F00726E25 /* CVWrapper.mm in Sources */ = {isa = PBXBuildFile; fileRef = 2DDEC2C62BDBDC9F00726E25 /* CVWrapper.mm */; };
		A0416590BBDDB183F494FEB4 /* Pods_smartcamPod.framework in Frameworks */ = {isa = PBXBuildFile; fileRef = A41446496CDB1E1FA7F8B7E9 /* Pods_smartcamPod.framework */; };
/* End PBXBuildFile section */

/* Begin PBXFileReference section */
		19335C405D62498B194E26F4 /* Pods-smartcamPod.debug.xcconfig */ = {isa = PBXFileReference; includeInIndex = 1; lastKnownFileType = text.xcconfig; name = "Pods-smartcamPod.debug.xcconfig"; path = "Target Support Files/Pods-smartcamPod/Pods-smartcamPod.debug.xcconfig"; sourceTree = "<group>"; };
		2DDEC2952BDB9D3100726E25 /* smartcamPod.framework */ = {isa = PBXFileReference; explicitFileType = wrapper.framework; includeInIndex = 0; path = smartcamPod.framework; sourceTree = BUILT_PRODUCTS_DIR; };
		2DDEC2982BDB9D3100726E25 /* smartcamPod.h */ = {isa = PBXFileReference; lastKnownFileType = sourcecode.c.h; path = smartcamPod.h; sourceTree = "<group>"; };
		2DDEC2A82BDBDC9F00726E25 /* Assets.xcassets */ = {isa = PBXFileReference; lastKnownFileType = folder.assetcatalog; path = Assets.xcassets; sourceTree = "<group>"; };
		2DDEC2AA2BDBDC9F00726E25 /* UIImage + Extension.swift */ = {isa = PBXFileReference; fileEncoding = 4; lastKnownFileType = sourcecode.swift; path = "UIImage + Extension.swift"; sourceTree = "<group>"; };
		2DDEC2AB2BDBDC9F00726E25 /* CGImage + Extension.swift */ = {isa = PBXFileReference; fileEncoding = 4; lastKnownFileType = sourcecode.swift; path = "CGImage + Extension.swift"; sourceTree = "<group>"; };
		2DDEC2AC2BDBDC9F00726E25 /* String + Extension.swift */ = {isa = PBXFileReference; fileEncoding = 4; lastKnownFileType = sourcecode.swift; path = "String + Extension.swift"; sourceTree = "<group>"; };
		2DDEC2AF2BDBDC9F00726E25 /* CameraViewController.swift */ = {isa = PBXFileReference; fileEncoding = 4; lastKnownFileType = sourcecode.swift; path = CameraViewController.swift; sourceTree = "<group>"; };
		2DDEC2B62BDBDC9F00726E25 /* LastPhotoView.swift */ = {isa = PBXFileReference; fileEncoding = 4; lastKnownFileType = sourcecode.swift; path = LastPhotoView.swift; sourceTree = "<group>"; };
		2DDEC2B72BDBDC9F00726E25 /* TopBarView.swift */ = {isa = PBXFileReference; fileEncoding = 4; lastKnownFileType = sourcecode.swift; path = TopBarView.swift; sourceTree = "<group>"; };
		2DDEC2B82BDBDC9F00726E25 /* CaptureImageButton.swift */ = {isa = PBXFileReference; fileEncoding = 4; lastKnownFileType = sourcecode.swift; path = CaptureImageButton.swift; sourceTree = "<group>"; };
		2DDEC2B92BDBDC9F00726E25 /* BottomBarView.swift */ = {isa = PBXFileReference; fileEncoding = 4; lastKnownFileType = sourcecode.swift; path = BottomBarView.swift; sourceTree = "<group>"; };
		2DDEC2BB2BDBDC9F00726E25 /* CameraService.swift */ = {isa = PBXFileReference; fileEncoding = 4; lastKnownFileType = sourcecode.swift; path = CameraService.swift; sourceTree = "<group>"; };
		2DDEC2BD2BDBDC9F00726E25 /* stitching.cpp */ = {isa = PBXFileReference; fileEncoding = 4; lastKnownFileType = sourcecode.cpp.cpp; path = stitching.cpp; sourceTree = "<group>"; };
		2DDEC2BE2BDBDC9F00726E25 /* SwViewController.swift */ = {isa = PBXFileReference; fileEncoding = 4; lastKnownFileType = sourcecode.swift; path = SwViewController.swift; sourceTree = "<group>"; };
		2DDEC2BF2BDBDC9F00726E25 /* UIImage+Rotate.h */ = {isa = PBXFileReference; fileEncoding = 4; lastKnownFileType = sourcecode.c.h; path = "UIImage+Rotate.h"; sourceTree = "<group>"; };
		2DDEC2C02BDBDC9F00726E25 /* SmartCamMasterApp-Bridging-Header.h */ = {isa = PBXFileReference; fileEncoding = 4; lastKnownFileType = sourcecode.c.h; path = "SmartCamMasterApp-Bridging-Header.h"; sourceTree = "<group>"; };
		2DDEC2C12BDBDC9F00726E25 /* UIImage+OpenCV.h */ = {isa = PBXFileReference; fileEncoding = 4; lastKnownFileType = sourcecode.c.h; path = "UIImage+OpenCV.h"; sourceTree = "<group>"; };
		2DDEC2C22BDBDC9F00726E25 /* CVWrapper.h */ = {isa = PBXFileReference; fileEncoding = 4; lastKnownFileType = sourcecode.c.h; path = CVWrapper.h; sourceTree = "<group>"; };
		2DDEC2C32BDBDC9F00726E25 /* UIImage+OpenCV.mm */ = {isa = PBXFileReference; fileEncoding = 4; lastKnownFileType = sourcecode.cpp.objcpp; path = "UIImage+OpenCV.mm"; sourceTree = "<group>"; };
		2DDEC2C42BDBDC9F00726E25 /* UIImage+Rotate.m */ = {isa = PBXFileReference; fileEncoding = 4; lastKnownFileType = sourcecode.c.objc; path = "UIImage+Rotate.m"; sourceTree = "<group>"; };
		2DDEC2C52BDBDC9F00726E25 /* stitching.h */ = {isa = PBXFileReference; fileEncoding = 4; lastKnownFileType = sourcecode.c.h; path = stitching.h; sourceTree = "<group>"; };
		2DDEC2C62BDBDC9F00726E25 /* CVWrapper.mm */ = {isa = PBXFileReference; fileEncoding = 4; lastKnownFileType = sourcecode.cpp.objcpp; path = CVWrapper.mm; sourceTree = "<group>"; };
		52ECAD25B77645AA91BAB1D4 /* Pods-smartcamPod.release.xcconfig */ = {isa = PBXFileReference; includeInIndex = 1; lastKnownFileType = text.xcconfig; name = "Pods-smartcamPod.release.xcconfig"; path = "Target Support Files/Pods-smartcamPod/Pods-smartcamPod.release.xcconfig"; sourceTree = "<group>"; };
		A41446496CDB1E1FA7F8B7E9 /* Pods_smartcamPod.framework */ = {isa = PBXFileReference; explicitFileType = wrapper.framework; includeInIndex = 0; path = Pods_smartcamPod.framework; sourceTree = BUILT_PRODUCTS_DIR; };
/* End PBXFileReference section */

/* Begin PBXFrameworksBuildPhase section */
		2DDEC2922BDB9D3100726E25 /* Frameworks */ = {
			isa = PBXFrameworksBuildPhase;
			buildActionMask = 2147483647;
			files = (
				A0416590BBDDB183F494FEB4 /* Pods_smartcamPod.framework in Frameworks */,
			);
			runOnlyForDeploymentPostprocessing = 0;
		};
/* End PBXFrameworksBuildPhase section */

/* Begin PBXGroup section */
		2DDEC28B2BDB9D3100726E25 = {
			isa = PBXGroup;
			children = (
				2DDEC2972BDB9D3100726E25 /* Sources */,
				2DDEC2962BDB9D3100726E25 /* Products */,
				805CE9D284E204A0D3371675 /* Pods */,
				933FBB1907A247FFC93AFC0F /* Frameworks */,
			);
			sourceTree = "<group>";
		};
		2DDEC2962BDB9D3100726E25 /* Products */ = {
			isa = PBXGroup;
			children = (
				2DDEC2952BDB9D3100726E25 /* smartcamPod.framework */,
			);
			name = Products;
			sourceTree = "<group>";
		};
		2DDEC2972BDB9D3100726E25 /* Sources */ = {
			isa = PBXGroup;
			children = (
				2DDEC2BC2BDBDC9F00726E25 /* OpenCV */,
				2DDEC2A22BDBDC9F00726E25 /* SmartCamMasterApp */,
				2DDEC2982BDB9D3100726E25 /* smartcamPod.h */,
			);
			path = Sources;
			sourceTree = "<group>";
		};
		2DDEC2A22BDBDC9F00726E25 /* SmartCamMasterApp */ = {
			isa = PBXGroup;
			children = (
				2DDEC2A72BDBDC9F00726E25 /* Resources */,
				2DDEC2A92BDBDC9F00726E25 /* Extensions */,
				2DDEC2AD2BDBDC9F00726E25 /* ViewControllers */,
				2DDEC2B52BDBDC9F00726E25 /* Views */,
				2DDEC2BA2BDBDC9F00726E25 /* Services */,
			);
			path = SmartCamMasterApp;
			sourceTree = "<group>";
		};
		2DDEC2A72BDBDC9F00726E25 /* Resources */ = {
			isa = PBXGroup;
			children = (
				2DDEC2A82BDBDC9F00726E25 /* Assets.xcassets */,
			);
			path = Resources;
			sourceTree = "<group>";
		};
		2DDEC2A92BDBDC9F00726E25 /* Extensions */ = {
			isa = PBXGroup;
			children = (
				2DDEC2AA2BDBDC9F00726E25 /* UIImage + Extension.swift */,
				2DDEC2AB2BDBDC9F00726E25 /* CGImage + Extension.swift */,
				2DDEC2AC2BDBDC9F00726E25 /* String + Extension.swift */,
			);
			path = Extensions;
			sourceTree = "<group>";
		};
		2DDEC2AD2BDBDC9F00726E25 /* ViewControllers */ = {
			isa = PBXGroup;
			children = (
				2DDEC2AF2BDBDC9F00726E25 /* CameraViewController.swift */,
			);
			path = ViewControllers;
			sourceTree = "<group>";
		};
		2DDEC2B52BDBDC9F00726E25 /* Views */ = {
			isa = PBXGroup;
			children = (
				2DDEC2B62BDBDC9F00726E25 /* LastPhotoView.swift */,
				2DDEC2B72BDBDC9F00726E25 /* TopBarView.swift */,
				2DDEC2B82BDBDC9F00726E25 /* CaptureImageButton.swift */,
				2DDEC2B92BDBDC9F00726E25 /* BottomBarView.swift */,
			);
			path = Views;
			sourceTree = "<group>";
		};
		2DDEC2BA2BDBDC9F00726E25 /* Services */ = {
			isa = PBXGroup;
			children = (
				2DDEC2BB2BDBDC9F00726E25 /* CameraService.swift */,
			);
			path = Services;
			sourceTree = "<group>";
		};
		2DDEC2BC2BDBDC9F00726E25 /* OpenCV */ = {
			isa = PBXGroup;
			children = (
				2DDEC2BD2BDBDC9F00726E25 /* stitching.cpp */,
				2DDEC2BE2BDBDC9F00726E25 /* SwViewController.swift */,
				2DDEC2BF2BDBDC9F00726E25 /* UIImage+Rotate.h */,
				2DDEC2C02BDBDC9F00726E25 /* SmartCamMasterApp-Bridging-Header.h */,
				2DDEC2C12BDBDC9F00726E25 /* UIImage+OpenCV.h */,
				2DDEC2C22BDBDC9F00726E25 /* CVWrapper.h */,
				2DDEC2C32BDBDC9F00726E25 /* UIImage+OpenCV.mm */,
				2DDEC2C42BDBDC9F00726E25 /* UIImage+Rotate.m */,
				2DDEC2C52BDBDC9F00726E25 /* stitching.h */,
				2DDEC2C62BDBDC9F00726E25 /* CVWrapper.mm */,
			);
			path = OpenCV;
			sourceTree = "<group>";
		};
		805CE9D284E204A0D3371675 /* Pods */ = {
			isa = PBXGroup;
			children = (
				19335C405D62498B194E26F4 /* Pods-smartcamPod.debug.xcconfig */,
				52ECAD25B77645AA91BAB1D4 /* Pods-smartcamPod.release.xcconfig */,
			);
			path = Pods;
			sourceTree = "<group>";
		};
		933FBB1907A247FFC93AFC0F /* Frameworks */ = {
			isa = PBXGroup;
			children = (
				A41446496CDB1E1FA7F8B7E9 /* Pods_smartcamPod.framework */,
			);
			name = Frameworks;
			sourceTree = "<group>";
		};
/* End PBXGroup section */

/* Begin PBXHeadersBuildPhase section */
		2DDEC2902BDB9D3100726E25 /* Headers */ = {
			isa = PBXHeadersBuildPhase;
			buildActionMask = 2147483647;
			files = (
				2DDEC2DA2BDBDC9F00726E25 /* SmartCamMasterApp-Bridging-Header.h in Headers */,
				2DDEC2DB2BDBDC9F00726E25 /* UIImage+OpenCV.h in Headers */,
				2DDEC2DC2BDBDC9F00726E25 /* CVWrapper.h in Headers */,
				2DDEC2992BDB9D3100726E25 /* smartcamPod.h in Headers */,
				2DDEC2DF2BDBDC9F00726E25 /* stitching.h in Headers */,
				2DDEC2D92BDBDC9F00726E25 /* UIImage+Rotate.h in Headers */,
			);
			runOnlyForDeploymentPostprocessing = 0;
		};
/* End PBXHeadersBuildPhase section */

/* Begin PBXNativeTarget section */
		2DDEC2942BDB9D3100726E25 /* smartcamPod */ = {
			isa = PBXNativeTarget;
			buildConfigurationList = 2DDEC29C2BDB9D3100726E25 /* Build configuration list for PBXNativeTarget "smartcamPod" */;
			buildPhases = (
				57F046B17D8D9D86F79E987A /* [CP] Check Pods Manifest.lock */,
				2DDEC2902BDB9D3100726E25 /* Headers */,
				2DDEC2912BDB9D3100726E25 /* Sources */,
				2DDEC2922BDB9D3100726E25 /* Frameworks */,
				2DDEC2932BDB9D3100726E25 /* Resources */,
			);
			buildRules = (
			);
			dependencies = (
			);
			name = smartcamPod;
			productName = smartcamPod;
			productReference = 2DDEC2952BDB9D3100726E25 /* smartcamPod.framework */;
			productType = "com.apple.product-type.framework";
		};
/* End PBXNativeTarget section */

/* Begin PBXProject section */
		2DDEC28C2BDB9D3100726E25 /* Project object */ = {
			isa = PBXProject;
			attributes = {
				BuildIndependentTargetsInParallel = 1;
				LastUpgradeCheck = 1520;
				TargetAttributes = {
					2DDEC2942BDB9D3100726E25 = {
						CreatedOnToolsVersion = 15.2;
						LastSwiftMigration = 1520;
					};
				};
			};
			buildConfigurationList = 2DDEC28F2BDB9D3100726E25 /* Build configuration list for PBXProject "smartcamPod" */;
			compatibilityVersion = "Xcode 14.0";
			developmentRegion = en;
			hasScannedForEncodings = 0;
			knownRegions = (
				en,
				Base,
				ru,
			);
			mainGroup = 2DDEC28B2BDB9D3100726E25;
			productRefGroup = 2DDEC2962BDB9D3100726E25 /* Products */;
			projectDirPath = "";
			projectRoot = "";
			targets = (
				2DDEC2942BDB9D3100726E25 /* smartcamPod */,
			);
		};
/* End PBXProject section */

/* Begin PBXResourcesBuildPhase section */
		2DDEC2932BDB9D3100726E25 /* Resources */ = {
			isa = PBXResourcesBuildPhase;
			buildActionMask = 2147483647;
			files = (
				2DDEC2C82BDBDC9F00726E25 /* Assets.xcassets in Resources */,
			);
			runOnlyForDeploymentPostprocessing = 0;
		};
/* End PBXResourcesBuildPhase section */

/* Begin PBXShellScriptBuildPhase section */
		57F046B17D8D9D86F79E987A /* [CP] Check Pods Manifest.lock */ = {
			isa = PBXShellScriptBuildPhase;
			buildActionMask = 2147483647;
			files = (
			);
			inputFileListPaths = (
			);
			inputPaths = (
				"${PODS_PODFILE_DIR_PATH}/Podfile.lock",
				"${PODS_ROOT}/Manifest.lock",
			);
			name = "[CP] Check Pods Manifest.lock";
			outputFileListPaths = (
			);
			outputPaths = (
				"$(DERIVED_FILE_DIR)/Pods-smartcamPod-checkManifestLockResult.txt",
			);
			runOnlyForDeploymentPostprocessing = 0;
			shellPath = /bin/sh;
			shellScript = "diff \"${PODS_PODFILE_DIR_PATH}/Podfile.lock\" \"${PODS_ROOT}/Manifest.lock\" > /dev/null\nif [ $? != 0 ] ; then\n    # print error to STDERR\n    echo \"error: The sandbox is not in sync with the Podfile.lock. Run 'pod install' or update your CocoaPods installation.\" >&2\n    exit 1\nfi\n# This output is used by Xcode 'outputs' to avoid re-running this script phase.\necho \"SUCCESS\" > \"${SCRIPT_OUTPUT_FILE_0}\"\n";
			showEnvVarsInLog = 0;
		};
/* End PBXShellScriptBuildPhase section */

/* Begin PBXSourcesBuildPhase section */
		2DDEC2912BDB9D3100726E25 /* Sources */ = {
			isa = PBXSourcesBuildPhase;
			buildActionMask = 2147483647;
			files = (
				2DDEC2D42BDBDC9F00726E25 /* CaptureImageButton.swift in Sources */,
				2DDEC2D82BDBDC9F00726E25 /* SwViewController.swift in Sources */,
				2DDEC2D32BDBDC9F00726E25 /* TopBarView.swift in Sources */,
				2DDEC2DD2BDBDC9F00726E25 /* UIImage+OpenCV.mm in Sources */,
				2DDEC2D72BDBDC9F00726E25 /* stitching.cpp in Sources */,
				2DDEC2DE2BDBDC9F00726E25 /* UIImage+Rotate.m in Sources */,
				2DDEC2D52BDBDC9F00726E25 /* BottomBarView.swift in Sources */,
				2DDEC2C92BDBDC9F00726E25 /* UIImage + Extension.swift in Sources */,
				2DDEC2CD2BDBDC9F00726E25 /* CameraViewController.swift in Sources */,
				2DDEC2CA2BDBDC9F00726E25 /* CGImage + Extension.swift in Sources */,
				2DDEC2D62BDBDC9F00726E25 /* CameraService.swift in Sources */,
				2DDEC2CB2BDBDC9F00726E25 /* String + Extension.swift in Sources */,
				2DDEC2D22BDBDC9F00726E25 /* LastPhotoView.swift in Sources */,
				2DDEC2E02BDBDC9F00726E25 /* CVWrapper.mm in Sources */,
			);
			runOnlyForDeploymentPostprocessing = 0;
		};
/* End PBXSourcesBuildPhase section */

/* Begin XCBuildConfiguration section */
		2DDEC29A2BDB9D3100726E25 /* Debug */ = {
			isa = XCBuildConfiguration;
			buildSettings = {
				ALWAYS_SEARCH_USER_PATHS = NO;
				ASSETCATALOG_COMPILER_GENERATE_SWIFT_ASSET_SYMBOL_EXTENSIONS = YES;
				CLANG_ANALYZER_NONNULL = YES;
				CLANG_ANALYZER_NUMBER_OBJECT_CONVERSION = YES_AGGRESSIVE;
				CLANG_CXX_LANGUAGE_STANDARD = "gnu++20";
				CLANG_ENABLE_MODULES = YES;
				CLANG_ENABLE_OBJC_ARC = YES;
				CLANG_ENABLE_OBJC_WEAK = YES;
				CLANG_WARN_BLOCK_CAPTURE_AUTORELEASING = YES;
				CLANG_WARN_BOOL_CONVERSION = YES;
				CLANG_WARN_COMMA = YES;
				CLANG_WARN_CONSTANT_CONVERSION = YES;
				CLANG_WARN_DEPRECATED_OBJC_IMPLEMENTATIONS = YES;
				CLANG_WARN_DIRECT_OBJC_ISA_USAGE = YES_ERROR;
				CLANG_WARN_DOCUMENTATION_COMMENTS = YES;
				CLANG_WARN_EMPTY_BODY = YES;
				CLANG_WARN_ENUM_CONVERSION = YES;
				CLANG_WARN_INFINITE_RECURSION = YES;
				CLANG_WARN_INT_CONVERSION = YES;
				CLANG_WARN_NON_LITERAL_NULL_CONVERSION = YES;
				CLANG_WARN_OBJC_IMPLICIT_RETAIN_SELF = YES;
				CLANG_WARN_OBJC_LITERAL_CONVERSION = YES;
				CLANG_WARN_OBJC_ROOT_CLASS = YES_ERROR;
				CLANG_WARN_QUOTED_INCLUDE_IN_FRAMEWORK_HEADER = YES;
				CLANG_WARN_RANGE_LOOP_ANALYSIS = YES;
				CLANG_WARN_STRICT_PROTOTYPES = YES;
				CLANG_WARN_SUSPICIOUS_MOVE = YES;
				CLANG_WARN_UNGUARDED_AVAILABILITY = YES_AGGRESSIVE;
				CLANG_WARN_UNREACHABLE_CODE = YES;
				CLANG_WARN__DUPLICATE_METHOD_MATCH = YES;
				COPY_PHASE_STRIP = NO;
				CURRENT_PROJECT_VERSION = 1;
				DEBUG_INFORMATION_FORMAT = dwarf;
				ENABLE_STRICT_OBJC_MSGSEND = YES;
				ENABLE_TESTABILITY = YES;
				ENABLE_USER_SCRIPT_SANDBOXING = YES;
				GCC_C_LANGUAGE_STANDARD = gnu17;
				GCC_DYNAMIC_NO_PIC = NO;
				GCC_NO_COMMON_BLOCKS = YES;
				GCC_OPTIMIZATION_LEVEL = 0;
				GCC_PREPROCESSOR_DEFINITIONS = (
					"DEBUG=1",
					"$(inherited)",
				);
				GCC_WARN_64_TO_32_BIT_CONVERSION = YES;
				GCC_WARN_ABOUT_RETURN_TYPE = YES_ERROR;
				GCC_WARN_UNDECLARED_SELECTOR = YES;
				GCC_WARN_UNINITIALIZED_AUTOS = YES_AGGRESSIVE;
				GCC_WARN_UNUSED_FUNCTION = YES;
				GCC_WARN_UNUSED_VARIABLE = YES;
				IPHONEOS_DEPLOYMENT_TARGET = 17.2;
				LOCALIZATION_PREFERS_STRING_CATALOGS = YES;
				MTL_ENABLE_DEBUG_INFO = INCLUDE_SOURCE;
				MTL_FAST_MATH = YES;
				ONLY_ACTIVE_ARCH = YES;
				SDKROOT = iphoneos;
				SWIFT_ACTIVE_COMPILATION_CONDITIONS = "DEBUG $(inherited)";
				SWIFT_OPTIMIZATION_LEVEL = "-Onone";
				VERSIONING_SYSTEM = "apple-generic";
				VERSION_INFO_PREFIX = "";
			};
			name = Debug;
		};
		2DDEC29B2BDB9D3100726E25 /* Release */ = {
			isa = XCBuildConfiguration;
			buildSettings = {
				ALWAYS_SEARCH_USER_PATHS = NO;
				ASSETCATALOG_COMPILER_GENERATE_SWIFT_ASSET_SYMBOL_EXTENSIONS = YES;
				CLANG_ANALYZER_NONNULL = YES;
				CLANG_ANALYZER_NUMBER_OBJECT_CONVERSION = YES_AGGRESSIVE;
				CLANG_CXX_LANGUAGE_STANDARD = "gnu++20";
				CLANG_ENABLE_MODULES = YES;
				CLANG_ENABLE_OBJC_ARC = YES;
				CLANG_ENABLE_OBJC_WEAK = YES;
				CLANG_WARN_BLOCK_CAPTURE_AUTORELEASING = YES;
				CLANG_WARN_BOOL_CONVERSION = YES;
				CLANG_WARN_COMMA = YES;
				CLANG_WARN_CONSTANT_CONVERSION = YES;
				CLANG_WARN_DEPRECATED_OBJC_IMPLEMENTATIONS = YES;
				CLANG_WARN_DIRECT_OBJC_ISA_USAGE = YES_ERROR;
				CLANG_WARN_DOCUMENTATION_COMMENTS = YES;
				CLANG_WARN_EMPTY_BODY = YES;
				CLANG_WARN_ENUM_CONVERSION = YES;
				CLANG_WARN_INFINITE_RECURSION = YES;
				CLANG_WARN_INT_CONVERSION = YES;
				CLANG_WARN_NON_LITERAL_NULL_CONVERSION = YES;
				CLANG_WARN_OBJC_IMPLICIT_RETAIN_SELF = YES;
				CLANG_WARN_OBJC_LITERAL_CONVERSION = YES;
				CLANG_WARN_OBJC_ROOT_CLASS = YES_ERROR;
				CLANG_WARN_QUOTED_INCLUDE_IN_FRAMEWORK_HEADER = YES;
				CLANG_WARN_RANGE_LOOP_ANALYSIS = YES;
				CLANG_WARN_STRICT_PROTOTYPES = YES;
				CLANG_WARN_SUSPICIOUS_MOVE = YES;
				CLANG_WARN_UNGUARDED_AVAILABILITY = YES_AGGRESSIVE;
				CLANG_WARN_UNREACHABLE_CODE = YES;
				CLANG_WARN__DUPLICATE_METHOD_MATCH = YES;
				COPY_PHASE_STRIP = NO;
				CURRENT_PROJECT_VERSION = 1;
				DEBUG_INFORMATION_FORMAT = "dwarf-with-dsym";
				ENABLE_NS_ASSERTIONS = NO;
				ENABLE_STRICT_OBJC_MSGSEND = YES;
				ENABLE_USER_SCRIPT_SANDBOXING = YES;
				GCC_C_LANGUAGE_STANDARD = gnu17;
				GCC_NO_COMMON_BLOCKS = YES;
				GCC_WARN_64_TO_32_BIT_CONVERSION = YES;
				GCC_WARN_ABOUT_RETURN_TYPE = YES_ERROR;
				GCC_WARN_UNDECLARED_SELECTOR = YES;
				GCC_WARN_UNINITIALIZED_AUTOS = YES_AGGRESSIVE;
				GCC_WARN_UNUSED_FUNCTION = YES;
				GCC_WARN_UNUSED_VARIABLE = YES;
				IPHONEOS_DEPLOYMENT_TARGET = 17.2;
				LOCALIZATION_PREFERS_STRING_CATALOGS = YES;
				MTL_ENABLE_DEBUG_INFO = NO;
				MTL_FAST_MATH = YES;
				SDKROOT = iphoneos;
				SWIFT_COMPILATION_MODE = wholemodule;
				VALIDATE_PRODUCT = YES;
				VERSIONING_SYSTEM = "apple-generic";
				VERSION_INFO_PREFIX = "";
			};
			name = Release;
		};
		2DDEC29D2BDB9D3100726E25 /* Debug */ = {
			isa = XCBuildConfiguration;
			baseConfigurationReference = 19335C405D62498B194E26F4 /* Pods-smartcamPod.debug.xcconfig */;
			buildSettings = {
				CLANG_ENABLE_MODULES = YES;
				CODE_SIGN_STYLE = Automatic;
				CURRENT_PROJECT_VERSION = 1;
				DEFINES_MODULE = YES;
				DYLIB_COMPATIBILITY_VERSION = 1;
				DYLIB_CURRENT_VERSION = 1;
				DYLIB_INSTALL_NAME_BASE = "@rpath";
				ENABLE_MODULE_VERIFIER = YES;
				GENERATE_INFOPLIST_FILE = YES;
				INFOPLIST_KEY_NSHumanReadableCopyright = "";
				INSTALL_PATH = "$(LOCAL_LIBRARY_DIR)/Frameworks";
				IPHONEOS_DEPLOYMENT_TARGET = 13.0;
				LD_RUNPATH_SEARCH_PATHS = (
					"$(inherited)",
					"@executable_path/Frameworks",
					"@loader_path/Frameworks",
				);
				MARKETING_VERSION = 1.0;
				MODULE_VERIFIER_SUPPORTED_LANGUAGES = "objective-c objective-c++";
				MODULE_VERIFIER_SUPPORTED_LANGUAGE_STANDARDS = "gnu17 gnu++20";
				PRODUCT_BUNDLE_IDENTIFIER = com.khafizov.smartcamPod;
				PRODUCT_NAME = "$(TARGET_NAME:c99extidentifier)";
				SKIP_INSTALL = YES;
				SUPPORTED_PLATFORMS = "iphoneos iphonesimulator";
				SUPPORTS_MACCATALYST = NO;
				SUPPORTS_MAC_DESIGNED_FOR_IPHONE_IPAD = NO;
				SUPPORTS_XR_DESIGNED_FOR_IPHONE_IPAD = NO;
				SWIFT_EMIT_LOC_STRINGS = YES;
				SWIFT_OPTIMIZATION_LEVEL = "-Onone";
				SWIFT_VERSION = 5.0;
				TARGETED_DEVICE_FAMILY = 1;
			};
			name = Debug;
		};
		2DDEC29E2BDB9D3100726E25 /* Release */ = {
			isa = XCBuildConfiguration;
			baseConfigurationReference = 52ECAD25B77645AA91BAB1D4 /* Pods-smartcamPod.release.xcconfig */;
			buildSettings = {
				CLANG_ENABLE_MODULES = YES;
				CODE_SIGN_STYLE = Automatic;
				CURRENT_PROJECT_VERSION = 1;
				DEFINES_MODULE = YES;
				DYLIB_COMPATIBILITY_VERSION = 1;
				DYLIB_CURRENT_VERSION = 1;
				DYLIB_INSTALL_NAME_BASE = "@rpath";
				ENABLE_MODULE_VERIFIER = YES;
				GENERATE_INFOPLIST_FILE = YES;
				INFOPLIST_KEY_NSHumanReadableCopyright = "";
				INSTALL_PATH = "$(LOCAL_LIBRARY_DIR)/Frameworks";
				IPHONEOS_DEPLOYMENT_TARGET = 13.0;
				LD_RUNPATH_SEARCH_PATHS = (
					"$(inherited)",
					"@executable_path/Frameworks",
					"@loader_path/Frameworks",
				);
				MARKETING_VERSION = 1.0;
				MODULE_VERIFIER_SUPPORTED_LANGUAGES = "objective-c objective-c++";
				MODULE_VERIFIER_SUPPORTED_LANGUAGE_STANDARDS = "gnu17 gnu++20";
				PRODUCT_BUNDLE_IDENTIFIER = com.khafizov.smartcamPod;
				PRODUCT_NAME = "$(TARGET_NAME:c99extidentifier)";
				SKIP_INSTALL = YES;
				SUPPORTED_PLATFORMS = "iphoneos iphonesimulator";
				SUPPORTS_MACCATALYST = NO;
				SUPPORTS_MAC_DESIGNED_FOR_IPHONE_IPAD = NO;
				SUPPORTS_XR_DESIGNED_FOR_IPHONE_IPAD = NO;
				SWIFT_EMIT_LOC_STRINGS = YES;
				SWIFT_VERSION = 5.0;
				TARGETED_DEVICE_FAMILY = 1;
			};
			name = Release;
		};
/* End XCBuildConfiguration section */

/* Begin XCConfigurationList section */
		2DDEC28F2BDB9D3100726E25 /* Build configuration list for PBXProject "smartcamPod" */ = {
			isa = XCConfigurationList;
			buildConfigurations = (
				2DDEC29A2BDB9D3100726E25 /* Debug */,
				2DDEC29B2BDB9D3100726E25 /* Release */,
			);
			defaultConfigurationIsVisible = 0;
			defaultConfigurationName = Release;
		};
		2DDEC29C2BDB9D3100726E25 /* Build configuration list for PBXNativeTarget "smartcamPod" */ = {
			isa = XCConfigurationList;
			buildConfigurations = (
				2DDEC29D2BDB9D3100726E25 /* Debug */,
				2DDEC29E2BDB9D3100726E25 /* Release */,
			);
			defaultConfigurationIsVisible = 0;
			defaultConfigurationName = Release;
		};
/* End XCConfigurationList section */
	};
	rootObject = 2DDEC28C2BDB9D3100726E25 /* Project object */;
}
